
Microsoft Visual Studio Solution File, Format Version 12.00
# Visual Studio 15
VisualStudioVersion = 15.0.26730.15
MinimumVisualStudioVersion = 10.0.40219.1
Project("{FAE04EC0-301F-11D3-BF4B-00C04F79EFBC}") = "ArgumentParser", "ArgumentParser\ArgumentParser.csproj", "{A711C1CB-E432-40BD-A63C-BAA95379BB06}"
EndProject
Project("{2150E333-8FDC-42A3-9474-1A3956D46DE8}") = "Solution Items", "Solution Items", "{E994994A-C476-47DB-80E1-511FDB27377B}"
EndProject
Project("{FAE04EC0-301F-11D3-BF4B-00C04F79EFBC}") = "ArgumentParser.Tests", "ArgumentParser.Tests\ArgumentParser.Tests.csproj", "{7EE21F83-8C20-4963-9DBD-3B386FF4F181}"
EndProject
Project("{FAE04EC0-301F-11D3-BF4B-00C04F79EFBC}") = "ArgumentParser.Api", "ArgumentParser.Api\ArgumentParser.Api.csproj", "{62070DA0-EF74-445D-B1A9-DB93B2857F50}"
EndProject
Global
	GlobalSection(SolutionConfigurationPlatforms) = preSolution
		Debug|Any CPU = Debug|Any CPU
		Release|Any CPU = Release|Any CPU
	EndGlobalSection
	GlobalSection(ProjectConfigurationPlatforms) = postSolution
		{A711C1CB-E432-40BD-A63C-BAA95379BB06}.Debug|Any CPU.ActiveCfg = Debug|Any CPU
		{A711C1CB-E432-40BD-A63C-BAA95379BB06}.Debug|Any CPU.Build.0 = Debug|Any CPU
		{A711C1CB-E432-40BD-A63C-BAA95379BB06}.Release|Any CPU.ActiveCfg = Release|Any CPU
		{A711C1CB-E432-40BD-A63C-BAA95379BB06}.Release|Any CPU.Build.0 = Release|Any CPU
		{7EE21F83-8C20-4963-9DBD-3B386FF4F181}.Debug|Any CPU.ActiveCfg = Debug|Any CPU
		{7EE21F83-8C20-4963-9DBD-3B386FF4F181}.Debug|Any CPU.Build.0 = Debug|Any CPU
		{7EE21F83-8C20-4963-9DBD-3B386FF4F181}.Release|Any CPU.ActiveCfg = Release|Any CPU
		{7EE21F83-8C20-4963-9DBD-3B386FF4F181}.Release|Any CPU.Build.0 = Release|Any CPU
		{62070DA0-EF74-445D-B1A9-DB93B2857F50}.Debug|Any CPU.ActiveCfg = Debug|Any CPU
		{62070DA0-EF74-445D-B1A9-DB93B2857F50}.Debug|Any CPU.Build.0 = Debug|Any CPU
		{62070DA0-EF74-445D-B1A9-DB93B2857F50}.Release|Any CPU.ActiveCfg = Release|Any CPU
		{62070DA0-EF74-445D-B1A9-DB93B2857F50}.Release|Any CPU.Build.0 = Release|Any CPU
	EndGlobalSection
	GlobalSection(SolutionProperties) = preSolution
		HideSolutionNode = FALSE
	EndGlobalSection
	GlobalSection(ExtensibilityGlobals) = postSolution
		SolutionGuid = {B7E0B7C9-4C47-469F-B6E2-59EA17180532}
	EndGlobalSection
EndGlobal
